// !$*UTF8*$!
{
	archiveVersion = 1;
	classes = {
	};
	objectVersion = 52;
	objects = {

/* Begin PBXBuildFile section */
		E70071652354C7680050DA3D /* StringPasteButton.swift in Sources */ = {isa = PBXBuildFile; fileRef = E70071642354C7680050DA3D /* StringPasteButton.swift */; };
		E70071682354E84C0050DA3D /* Color+Static.swift in Sources */ = {isa = PBXBuildFile; fileRef = E70071672354E84C0050DA3D /* Color+Static.swift */; };
		E7254C1A23526148001D7FDB /* AppDelegate.swift in Sources */ = {isa = PBXBuildFile; fileRef = E7254C1923526148001D7FDB /* AppDelegate.swift */; };
		E7254C1C23526148001D7FDB /* AppView.swift in Sources */ = {isa = PBXBuildFile; fileRef = E7254C1B23526148001D7FDB /* AppView.swift */; };
		E7254C1E23526149001D7FDB /* Assets.xcassets in Resources */ = {isa = PBXBuildFile; fileRef = E7254C1D23526149001D7FDB /* Assets.xcassets */; };
		E7254C2123526149001D7FDB /* Preview Assets.xcassets in Resources */ = {isa = PBXBuildFile; fileRef = E7254C2023526149001D7FDB /* Preview Assets.xcassets */; };
		E7254C2423526149001D7FDB /* Main.storyboard in Resources */ = {isa = PBXBuildFile; fileRef = E7254C2223526149001D7FDB /* Main.storyboard */; };
		E7254C2D235261AA001D7FDB /* LoginView.swift in Sources */ = {isa = PBXBuildFile; fileRef = E7254C2C235261AA001D7FDB /* LoginView.swift */; };
		E7531F0A2356494600AE68BE /* FTAPIKit in Frameworks */ = {isa = PBXBuildFile; productRef = E7531F092356494600AE68BE /* FTAPIKit */; };
		E765EC3A23574F1F00345023 /* CGFloat+Style.swift in Sources */ = {isa = PBXBuildFile; fileRef = E765EC3823572E2600345023 /* CGFloat+Style.swift */; };
		E765EC3F2357538F00345023 /* Id.swift in Sources */ = {isa = PBXBuildFile; fileRef = E765EC3E2357538F00345023 /* Id.swift */; };
		E765EC4123575BFB00345023 /* LiftOperator.swift in Sources */ = {isa = PBXBuildFile; fileRef = E765EC4023575BFB00345023 /* LiftOperator.swift */; };
		E765EC4423576BC300345023 /* APIError.swift in Sources */ = {isa = PBXBuildFile; fileRef = E765EC4323576BC300345023 /* APIError.swift */; };
		E765EC4623576CA200345023 /* User.swift in Sources */ = {isa = PBXBuildFile; fileRef = E765EC4523576CA200345023 /* User.swift */; };
		E765EC482357709A00345023 /* NetworkEffect.swift in Sources */ = {isa = PBXBuildFile; fileRef = E765EC472357709A00345023 /* NetworkEffect.swift */; };
		E765EC4A235771F800345023 /* AppCenterServer.swift in Sources */ = {isa = PBXBuildFile; fileRef = E765EC49235771F800345023 /* AppCenterServer.swift */; };
		E76B6F702353A5FC007DD31D /* Elementary in Frameworks */ = {isa = PBXBuildFile; productRef = E76B6F6F2353A5FC007DD31D /* Elementary */; };
		E76B6F722353A756007DD31D /* ObservableStore.swift in Sources */ = {isa = PBXBuildFile; fileRef = E76B6F712353A756007DD31D /* ObservableStore.swift */; };
		E76B6F742353B149007DD31D /* AppAction.swift in Sources */ = {isa = PBXBuildFile; fileRef = E76B6F732353B149007DD31D /* AppAction.swift */; };
		E76B6F772353B1FF007DD31D /* AppState.swift in Sources */ = {isa = PBXBuildFile; fileRef = E76B6F762353B1FF007DD31D /* AppState.swift */; };
		E76B6F792353B27F007DD31D /* AppUpdate.swift in Sources */ = {isa = PBXBuildFile; fileRef = E76B6F782353B27F007DD31D /* AppUpdate.swift */; };
		E76B6F7B2353B2D2007DD31D /* AppEffect.swift in Sources */ = {isa = PBXBuildFile; fileRef = E76B6F7A2353B2D2007DD31D /* AppEffect.swift */; };
		E770C920235B9B5000535F3D /* UserEndpoint.swift in Sources */ = {isa = PBXBuildFile; fileRef = E770C91F235B9B5000535F3D /* UserEndpoint.swift */; };
		E770C922235B9CC300535F3D /* APIServer.swift in Sources */ = {isa = PBXBuildFile; fileRef = E770C921235B9CC300535F3D /* APIServer.swift */; };
		E770C924235BAA1900535F3D /* AppListView.swift in Sources */ = {isa = PBXBuildFile; fileRef = E770C923235BAA1900535F3D /* AppListView.swift */; };
		E770C927235BAAB600535F3D /* App.swift in Sources */ = {isa = PBXBuildFile; fileRef = E770C926235BAAB600535F3D /* App.swift */; };
		E7B8A1CF235CB26B0050495A /* DashboardView.swift in Sources */ = {isa = PBXBuildFile; fileRef = E7B8A1CE235CB26B0050495A /* DashboardView.swift */; };
		E7B8A1D1235CB4140050495A /* ReleaseListView.swift in Sources */ = {isa = PBXBuildFile; fileRef = E7B8A1D0235CB4140050495A /* ReleaseListView.swift */; };
		E7B8A1D3235CE0B50050495A /* DateFormatter+Static.swift in Sources */ = {isa = PBXBuildFile; fileRef = E7B8A1D2235CE0B50050495A /* DateFormatter+Static.swift */; };
		E7F3D0F8235BB12000FE212F /* Enumerations.swift in Sources */ = {isa = PBXBuildFile; fileRef = E7F3D0F7235BB12000FE212F /* Enumerations.swift */; };
		E7F3D0FA235BB30100FE212F /* AppsEndpoint.swift in Sources */ = {isa = PBXBuildFile; fileRef = E7F3D0F9235BB30100FE212F /* AppsEndpoint.swift */; };
		E7F3D100235C53A200FE212F /* LoadingView.swift in Sources */ = {isa = PBXBuildFile; fileRef = E7F3D0FF235C53A200FE212F /* LoadingView.swift */; };
		E7F3D102235C571500FE212F /* Release.swift in Sources */ = {isa = PBXBuildFile; fileRef = E7F3D101235C571500FE212F /* Release.swift */; };
		E7F3D104235C5A5E00FE212F /* ReleasesEndpoint.swift in Sources */ = {isa = PBXBuildFile; fileRef = E7F3D103235C5A5E00FE212F /* ReleasesEndpoint.swift */; };
/* End PBXBuildFile section */

/* Begin PBXFileReference section */
		E70071642354C7680050DA3D /* StringPasteButton.swift */ = {isa = PBXFileReference; lastKnownFileType = sourcecode.swift; path = StringPasteButton.swift; sourceTree = "<group>"; };
		E70071672354E84C0050DA3D /* Color+Static.swift */ = {isa = PBXFileReference; lastKnownFileType = sourcecode.swift; path = "Color+Static.swift"; sourceTree = "<group>"; };
		E7254C1623526148001D7FDB /* AppCenterSwiftUI.app */ = {isa = PBXFileReference; explicitFileType = wrapper.application; includeInIndex = 0; path = AppCenterSwiftUI.app; sourceTree = BUILT_PRODUCTS_DIR; };
		E7254C1923526148001D7FDB /* AppDelegate.swift */ = {isa = PBXFileReference; lastKnownFileType = sourcecode.swift; path = AppDelegate.swift; sourceTree = "<group>"; };
		E7254C1B23526148001D7FDB /* AppView.swift */ = {isa = PBXFileReference; lastKnownFileType = sourcecode.swift; path = AppView.swift; sourceTree = "<group>"; };
		E7254C1D23526149001D7FDB /* Assets.xcassets */ = {isa = PBXFileReference; lastKnownFileType = folder.assetcatalog; path = Assets.xcassets; sourceTree = "<group>"; };
		E7254C2023526149001D7FDB /* Preview Assets.xcassets */ = {isa = PBXFileReference; lastKnownFileType = folder.assetcatalog; path = "Preview Assets.xcassets"; sourceTree = "<group>"; };
		E7254C2323526149001D7FDB /* Base */ = {isa = PBXFileReference; lastKnownFileType = file.storyboard; name = Base; path = Base.lproj/Main.storyboard; sourceTree = "<group>"; };
		E7254C2523526149001D7FDB /* Info.plist */ = {isa = PBXFileReference; lastKnownFileType = text.plist.xml; path = Info.plist; sourceTree = "<group>"; };
		E7254C2623526149001D7FDB /* AppCenterSwiftUI.entitlements */ = {isa = PBXFileReference; lastKnownFileType = text.plist.entitlements; path = AppCenterSwiftUI.entitlements; sourceTree = "<group>"; };
		E7254C2C235261AA001D7FDB /* LoginView.swift */ = {isa = PBXFileReference; lastKnownFileType = sourcecode.swift; path = LoginView.swift; sourceTree = "<group>"; };
		E765EC3823572E2600345023 /* CGFloat+Style.swift */ = {isa = PBXFileReference; lastKnownFileType = sourcecode.swift; path = "CGFloat+Style.swift"; sourceTree = "<group>"; };
		E765EC3E2357538F00345023 /* Id.swift */ = {isa = PBXFileReference; lastKnownFileType = sourcecode.swift; path = Id.swift; sourceTree = "<group>"; };
		E765EC4023575BFB00345023 /* LiftOperator.swift */ = {isa = PBXFileReference; lastKnownFileType = sourcecode.swift; path = LiftOperator.swift; sourceTree = "<group>"; };
		E765EC4323576BC300345023 /* APIError.swift */ = {isa = PBXFileReference; lastKnownFileType = sourcecode.swift; path = APIError.swift; sourceTree = "<group>"; };
		E765EC4523576CA200345023 /* User.swift */ = {isa = PBXFileReference; lastKnownFileType = sourcecode.swift; path = User.swift; sourceTree = "<group>"; };
		E765EC472357709A00345023 /* NetworkEffect.swift */ = {isa = PBXFileReference; lastKnownFileType = sourcecode.swift; path = NetworkEffect.swift; sourceTree = "<group>"; };
		E765EC49235771F800345023 /* AppCenterServer.swift */ = {isa = PBXFileReference; lastKnownFileType = sourcecode.swift; path = AppCenterServer.swift; sourceTree = "<group>"; };
		E76B6F6B2353A330007DD31D /* Elementary */ = {isa = PBXFileReference; lastKnownFileType = folder; name = Elementary; path = ../../Elementary; sourceTree = "<group>"; };
		E76B6F712353A756007DD31D /* ObservableStore.swift */ = {isa = PBXFileReference; fileEncoding = 4; lastKnownFileType = sourcecode.swift; path = ObservableStore.swift; sourceTree = "<group>"; };
		E76B6F732353B149007DD31D /* AppAction.swift */ = {isa = PBXFileReference; lastKnownFileType = sourcecode.swift; path = AppAction.swift; sourceTree = "<group>"; };
		E76B6F762353B1FF007DD31D /* AppState.swift */ = {isa = PBXFileReference; lastKnownFileType = sourcecode.swift; path = AppState.swift; sourceTree = "<group>"; };
		E76B6F782353B27F007DD31D /* AppUpdate.swift */ = {isa = PBXFileReference; lastKnownFileType = sourcecode.swift; path = AppUpdate.swift; sourceTree = "<group>"; };
		E76B6F7A2353B2D2007DD31D /* AppEffect.swift */ = {isa = PBXFileReference; lastKnownFileType = sourcecode.swift; path = AppEffect.swift; sourceTree = "<group>"; };
		E770C91F235B9B5000535F3D /* UserEndpoint.swift */ = {isa = PBXFileReference; lastKnownFileType = sourcecode.swift; path = UserEndpoint.swift; sourceTree = "<group>"; };
		E770C921235B9CC300535F3D /* APIServer.swift */ = {isa = PBXFileReference; lastKnownFileType = sourcecode.swift; path = APIServer.swift; sourceTree = "<group>"; };
		E770C923235BAA1900535F3D /* AppListView.swift */ = {isa = PBXFileReference; lastKnownFileType = sourcecode.swift; path = AppListView.swift; sourceTree = "<group>"; };
		E770C926235BAAB600535F3D /* App.swift */ = {isa = PBXFileReference; lastKnownFileType = sourcecode.swift; path = App.swift; sourceTree = "<group>"; };
		E7B8A1CE235CB26B0050495A /* DashboardView.swift */ = {isa = PBXFileReference; lastKnownFileType = sourcecode.swift; path = DashboardView.swift; sourceTree = "<group>"; };
		E7B8A1D0235CB4140050495A /* ReleaseListView.swift */ = {isa = PBXFileReference; lastKnownFileType = sourcecode.swift; path = ReleaseListView.swift; sourceTree = "<group>"; };
		E7B8A1D2235CE0B50050495A /* DateFormatter+Static.swift */ = {isa = PBXFileReference; lastKnownFileType = sourcecode.swift; path = "DateFormatter+Static.swift"; sourceTree = "<group>"; };
		E7F3D0F7235BB12000FE212F /* Enumerations.swift */ = {isa = PBXFileReference; lastKnownFileType = sourcecode.swift; path = Enumerations.swift; sourceTree = "<group>"; };
		E7F3D0F9235BB30100FE212F /* AppsEndpoint.swift */ = {isa = PBXFileReference; lastKnownFileType = sourcecode.swift; path = AppsEndpoint.swift; sourceTree = "<group>"; };
		E7F3D0FF235C53A200FE212F /* LoadingView.swift */ = {isa = PBXFileReference; lastKnownFileType = sourcecode.swift; path = LoadingView.swift; sourceTree = "<group>"; };
		E7F3D101235C571500FE212F /* Release.swift */ = {isa = PBXFileReference; lastKnownFileType = sourcecode.swift; path = Release.swift; sourceTree = "<group>"; };
		E7F3D103235C5A5E00FE212F /* ReleasesEndpoint.swift */ = {isa = PBXFileReference; lastKnownFileType = sourcecode.swift; path = ReleasesEndpoint.swift; sourceTree = "<group>"; };
/* End PBXFileReference section */

/* Begin PBXFrameworksBuildPhase section */
		E7254C1323526148001D7FDB /* Frameworks */ = {
			isa = PBXFrameworksBuildPhase;
			buildActionMask = 2147483647;
			files = (
				E7531F0A2356494600AE68BE /* FTAPIKit in Frameworks */,
				E76B6F702353A5FC007DD31D /* Elementary in Frameworks */,
			);
			runOnlyForDeploymentPostprocessing = 0;
		};
/* End PBXFrameworksBuildPhase section */

/* Begin PBXGroup section */
		E70071662354E8220050DA3D /* Style */ = {
			isa = PBXGroup;
			children = (
				E70071672354E84C0050DA3D /* Color+Static.swift */,
				E765EC3823572E2600345023 /* CGFloat+Style.swift */,
				E7B8A1D2235CE0B50050495A /* DateFormatter+Static.swift */,
			);
			path = Style;
			sourceTree = "<group>";
		};
		E70071692354EA190050DA3D /* Views */ = {
			isa = PBXGroup;
			children = (
				E7B8A1CE235CB26B0050495A /* DashboardView.swift */,
				E7254C1B23526148001D7FDB /* AppView.swift */,
				E70071642354C7680050DA3D /* StringPasteButton.swift */,
				E7254C2C235261AA001D7FDB /* LoginView.swift */,
				E770C923235BAA1900535F3D /* AppListView.swift */,
				E7F3D0FF235C53A200FE212F /* LoadingView.swift */,
				E7B8A1D0235CB4140050495A /* ReleaseListView.swift */,
			);
			path = Views;
			sourceTree = "<group>";
		};
		E7254C0D23526148001D7FDB = {
			isa = PBXGroup;
			children = (
				E7254C1823526148001D7FDB /* AppCenterSwiftUI */,
				E7254C1723526148001D7FDB /* Products */,
				E76B6F6E2353A5FC007DD31D /* Frameworks */,
			);
			sourceTree = "<group>";
		};
		E7254C1723526148001D7FDB /* Products */ = {
			isa = PBXGroup;
			children = (
				E7254C1623526148001D7FDB /* AppCenterSwiftUI.app */,
			);
			name = Products;
			sourceTree = "<group>";
		};
		E7254C1823526148001D7FDB /* AppCenterSwiftUI */ = {
			isa = PBXGroup;
			children = (
				E7254C1923526148001D7FDB /* AppDelegate.swift */,
				E765EC4223576B8400345023 /* Network */,
				E765EC3D2357537D00345023 /* Functional programming */,
				E70071692354EA190050DA3D /* Views */,
				E76B6F752353B1E4007DD31D /* Architecture */,
				E70071662354E8220050DA3D /* Style */,
				E76B6F6B2353A330007DD31D /* Elementary */,
				E7254C1D23526149001D7FDB /* Assets.xcassets */,
				E7254C2223526149001D7FDB /* Main.storyboard */,
				E7254C2523526149001D7FDB /* Info.plist */,
				E7254C2623526149001D7FDB /* AppCenterSwiftUI.entitlements */,
				E7254C1F23526149001D7FDB /* Preview Content */,
			);
			path = AppCenterSwiftUI;
			sourceTree = "<group>";
		};
		E7254C1F23526149001D7FDB /* Preview Content */ = {
			isa = PBXGroup;
			children = (
				E7254C2023526149001D7FDB /* Preview Assets.xcassets */,
			);
			path = "Preview Content";
			sourceTree = "<group>";
		};
		E765EC3D2357537D00345023 /* Functional programming */ = {
			isa = PBXGroup;
			children = (
				E765EC3E2357538F00345023 /* Id.swift */,
				E765EC4023575BFB00345023 /* LiftOperator.swift */,
			);
			path = "Functional programming";
			sourceTree = "<group>";
		};
		E765EC4223576B8400345023 /* Network */ = {
			isa = PBXGroup;
			children = (
				E770C925235BAAA700535F3D /* Models */,
				E770C91E235B9B3D00535F3D /* Endpoints */,
				E765EC4323576BC300345023 /* APIError.swift */,
				E770C921235B9CC300535F3D /* APIServer.swift */,
				E765EC472357709A00345023 /* NetworkEffect.swift */,
				E765EC49235771F800345023 /* AppCenterServer.swift */,
			);
			path = Network;
			sourceTree = "<group>";
		};
		E76B6F6E2353A5FC007DD31D /* Frameworks */ = {
			isa = PBXGroup;
			children = (
			);
			name = Frameworks;
			sourceTree = "<group>";
		};
		E76B6F752353B1E4007DD31D /* Architecture */ = {
			isa = PBXGroup;
			children = (
				E76B6F712353A756007DD31D /* ObservableStore.swift */,
				E76B6F762353B1FF007DD31D /* AppState.swift */,
				E76B6F732353B149007DD31D /* AppAction.swift */,
				E76B6F782353B27F007DD31D /* AppUpdate.swift */,
				E76B6F7A2353B2D2007DD31D /* AppEffect.swift */,
			);
			path = Architecture;
			sourceTree = "<group>";
		};
		E770C91E235B9B3D00535F3D /* Endpoints */ = {
			isa = PBXGroup;
			children = (
				E770C91F235B9B5000535F3D /* UserEndpoint.swift */,
				E7F3D0F9235BB30100FE212F /* AppsEndpoint.swift */,
				E7F3D103235C5A5E00FE212F /* ReleasesEndpoint.swift */,
			);
			path = Endpoints;
			sourceTree = "<group>";
		};
		E770C925235BAAA700535F3D /* Models */ = {
			isa = PBXGroup;
			children = (
				E7F3D101235C571500FE212F /* Release.swift */,
				E765EC4523576CA200345023 /* User.swift */,
				E770C926235BAAB600535F3D /* App.swift */,
				E7F3D0F7235BB12000FE212F /* Enumerations.swift */,
			);
			path = Models;
			sourceTree = "<group>";
		};
/* End PBXGroup section */

/* Begin PBXNativeTarget section */
		E7254C1523526148001D7FDB /* AppCenterSwiftUI */ = {
			isa = PBXNativeTarget;
			buildConfigurationList = E7254C2923526149001D7FDB /* Build configuration list for PBXNativeTarget "AppCenterSwiftUI" */;
			buildPhases = (
				E7254C1223526148001D7FDB /* Sources */,
				E7254C1323526148001D7FDB /* Frameworks */,
				E7254C1423526148001D7FDB /* Resources */,
			);
			buildRules = (
			);
			dependencies = (
				E76B6F6D2353A5F7007DD31D /* PBXTargetDependency */,
			);
			name = AppCenterSwiftUI;
			packageProductDependencies = (
				E76B6F6F2353A5FC007DD31D /* Elementary */,
				E7531F092356494600AE68BE /* FTAPIKit */,
			);
			productName = AppCenterSwiftUI;
			productReference = E7254C1623526148001D7FDB /* AppCenterSwiftUI.app */;
			productType = "com.apple.product-type.application";
		};
/* End PBXNativeTarget section */

/* Begin PBXProject section */
		E7254C0E23526148001D7FDB /* Project object */ = {
			isa = PBXProject;
			attributes = {
				LastSwiftUpdateCheck = 1110;
				LastUpgradeCheck = 1110;
				ORGANIZATIONNAME = "FUNTASTY Digital s.r.o.";
				TargetAttributes = {
					E7254C1523526148001D7FDB = {
						CreatedOnToolsVersion = 11.1;
					};
				};
			};
			buildConfigurationList = E7254C1123526148001D7FDB /* Build configuration list for PBXProject "AppCenterSwiftUI" */;
			compatibilityVersion = "Xcode 9.3";
			developmentRegion = en;
			hasScannedForEncodings = 0;
			knownRegions = (
				en,
				Base,
			);
			mainGroup = E7254C0D23526148001D7FDB;
			packageReferences = (
				E7531F082356494600AE68BE /* XCRemoteSwiftPackageReference "FTAPIKit" */,
			);
			productRefGroup = E7254C1723526148001D7FDB /* Products */;
			projectDirPath = "";
			projectRoot = "";
			targets = (
				E7254C1523526148001D7FDB /* AppCenterSwiftUI */,
			);
		};
/* End PBXProject section */

/* Begin PBXResourcesBuildPhase section */
		E7254C1423526148001D7FDB /* Resources */ = {
			isa = PBXResourcesBuildPhase;
			buildActionMask = 2147483647;
			files = (
				E7254C2423526149001D7FDB /* Main.storyboard in Resources */,
				E7254C2123526149001D7FDB /* Preview Assets.xcassets in Resources */,
				E7254C1E23526149001D7FDB /* Assets.xcassets in Resources */,
			);
			runOnlyForDeploymentPostprocessing = 0;
		};
/* End PBXResourcesBuildPhase section */

/* Begin PBXSourcesBuildPhase section */
		E7254C1223526148001D7FDB /* Sources */ = {
			isa = PBXSourcesBuildPhase;
			buildActionMask = 2147483647;
			files = (
				E7B8A1D1235CB4140050495A /* ReleaseListView.swift in Sources */,
				E76B6F7B2353B2D2007DD31D /* AppEffect.swift in Sources */,
				E76B6F742353B149007DD31D /* AppAction.swift in Sources */,
				E76B6F722353A756007DD31D /* ObservableStore.swift in Sources */,
				E7F3D0FA235BB30100FE212F /* AppsEndpoint.swift in Sources */,
				E770C920235B9B5000535F3D /* UserEndpoint.swift in Sources */,
				E7F3D100235C53A200FE212F /* LoadingView.swift in Sources */,
				E770C924235BAA1900535F3D /* AppListView.swift in Sources */,
				E765EC4123575BFB00345023 /* LiftOperator.swift in Sources */,
				E7254C2D235261AA001D7FDB /* LoginView.swift in Sources */,
				E765EC4A235771F800345023 /* AppCenterServer.swift in Sources */,
				E765EC482357709A00345023 /* NetworkEffect.swift in Sources */,
				E7B8A1D3235CE0B50050495A /* DateFormatter+Static.swift in Sources */,
				E7F3D102235C571500FE212F /* Release.swift in Sources */,
				E76B6F772353B1FF007DD31D /* AppState.swift in Sources */,
				E70071652354C7680050DA3D /* StringPasteButton.swift in Sources */,
				E7254C1C23526148001D7FDB /* AppView.swift in Sources */,
				E770C927235BAAB600535F3D /* App.swift in Sources */,
				E765EC4623576CA200345023 /* User.swift in Sources */,
				E770C922235B9CC300535F3D /* APIServer.swift in Sources */,
				E7254C1A23526148001D7FDB /* AppDelegate.swift in Sources */,
				E765EC3A23574F1F00345023 /* CGFloat+Style.swift in Sources */,
				E765EC3F2357538F00345023 /* Id.swift in Sources */,
				E76B6F792353B27F007DD31D /* AppUpdate.swift in Sources */,
				E7B8A1CF235CB26B0050495A /* DashboardView.swift in Sources */,
				E7F3D104235C5A5E00FE212F /* ReleasesEndpoint.swift in Sources */,
				E70071682354E84C0050DA3D /* Color+Static.swift in Sources */,
				E765EC4423576BC300345023 /* APIError.swift in Sources */,
				E7F3D0F8235BB12000FE212F /* Enumerations.swift in Sources */,
			);
			runOnlyForDeploymentPostprocessing = 0;
		};
/* End PBXSourcesBuildPhase section */

/* Begin PBXTargetDependency section */
		E76B6F6D2353A5F7007DD31D /* PBXTargetDependency */ = {
			isa = PBXTargetDependency;
			productRef = E76B6F6C2353A5F7007DD31D /* Elementary */;
		};
/* End PBXTargetDependency section */

/* Begin PBXVariantGroup section */
		E7254C2223526149001D7FDB /* Main.storyboard */ = {
			isa = PBXVariantGroup;
			children = (
				E7254C2323526149001D7FDB /* Base */,
			);
			name = Main.storyboard;
			sourceTree = "<group>";
		};
/* End PBXVariantGroup section */

/* Begin XCBuildConfiguration section */
		E7254C2723526149001D7FDB /* Debug */ = {
			isa = XCBuildConfiguration;
			buildSettings = {
				ALWAYS_SEARCH_USER_PATHS = NO;
				CLANG_ANALYZER_NONNULL = YES;
				CLANG_ANALYZER_NUMBER_OBJECT_CONVERSION = YES_AGGRESSIVE;
				CLANG_CXX_LANGUAGE_STANDARD = "gnu++14";
				CLANG_CXX_LIBRARY = "libc++";
				CLANG_ENABLE_MODULES = YES;
				CLANG_ENABLE_OBJC_ARC = YES;
				CLANG_ENABLE_OBJC_WEAK = YES;
				CLANG_WARN_BLOCK_CAPTURE_AUTORELEASING = YES;
				CLANG_WARN_BOOL_CONVERSION = YES;
				CLANG_WARN_COMMA = YES;
				CLANG_WARN_CONSTANT_CONVERSION = YES;
				CLANG_WARN_DEPRECATED_OBJC_IMPLEMENTATIONS = YES;
				CLANG_WARN_DIRECT_OBJC_ISA_USAGE = YES_ERROR;
				CLANG_WARN_DOCUMENTATION_COMMENTS = YES;
				CLANG_WARN_EMPTY_BODY = YES;
				CLANG_WARN_ENUM_CONVERSION = YES;
				CLANG_WARN_INFINITE_RECURSION = YES;
				CLANG_WARN_INT_CONVERSION = YES;
				CLANG_WARN_NON_LITERAL_NULL_CONVERSION = YES;
				CLANG_WARN_OBJC_IMPLICIT_RETAIN_SELF = YES;
				CLANG_WARN_OBJC_LITERAL_CONVERSION = YES;
				CLANG_WARN_OBJC_ROOT_CLASS = YES_ERROR;
				CLANG_WARN_RANGE_LOOP_ANALYSIS = YES;
				CLANG_WARN_STRICT_PROTOTYPES = YES;
				CLANG_WARN_SUSPICIOUS_MOVE = YES;
				CLANG_WARN_UNGUARDED_AVAILABILITY = YES_AGGRESSIVE;
				CLANG_WARN_UNREACHABLE_CODE = YES;
				CLANG_WARN__DUPLICATE_METHOD_MATCH = YES;
				COPY_PHASE_STRIP = NO;
				DEBUG_INFORMATION_FORMAT = dwarf;
				ENABLE_STRICT_OBJC_MSGSEND = YES;
				ENABLE_TESTABILITY = YES;
				GCC_C_LANGUAGE_STANDARD = gnu11;
				GCC_DYNAMIC_NO_PIC = NO;
				GCC_NO_COMMON_BLOCKS = YES;
				GCC_OPTIMIZATION_LEVEL = 0;
				GCC_PREPROCESSOR_DEFINITIONS = (
					"DEBUG=1",
					"$(inherited)",
				);
				GCC_WARN_64_TO_32_BIT_CONVERSION = YES;
				GCC_WARN_ABOUT_RETURN_TYPE = YES_ERROR;
				GCC_WARN_UNDECLARED_SELECTOR = YES;
				GCC_WARN_UNINITIALIZED_AUTOS = YES_AGGRESSIVE;
				GCC_WARN_UNUSED_FUNCTION = YES;
				GCC_WARN_UNUSED_VARIABLE = YES;
				MACOSX_DEPLOYMENT_TARGET = 10.15;
				MTL_ENABLE_DEBUG_INFO = INCLUDE_SOURCE;
				MTL_FAST_MATH = YES;
				ONLY_ACTIVE_ARCH = YES;
				SDKROOT = macosx;
				SWIFT_ACTIVE_COMPILATION_CONDITIONS = DEBUG;
				SWIFT_OPTIMIZATION_LEVEL = "-Onone";
			};
			name = Debug;
		};
		E7254C2823526149001D7FDB /* Release */ = {
			isa = XCBuildConfiguration;
			buildSettings = {
				ALWAYS_SEARCH_USER_PATHS = NO;
				CLANG_ANALYZER_NONNULL = YES;
				CLANG_ANALYZER_NUMBER_OBJECT_CONVERSION = YES_AGGRESSIVE;
				CLANG_CXX_LANGUAGE_STANDARD = "gnu++14";
				CLANG_CXX_LIBRARY = "libc++";
				CLANG_ENABLE_MODULES = YES;
				CLANG_ENABLE_OBJC_ARC = YES;
				CLANG_ENABLE_OBJC_WEAK = YES;
				CLANG_WARN_BLOCK_CAPTURE_AUTORELEASING = YES;
				CLANG_WARN_BOOL_CONVERSION = YES;
				CLANG_WARN_COMMA = YES;
				CLANG_WARN_CONSTANT_CONVERSION = YES;
				CLANG_WARN_DEPRECATED_OBJC_IMPLEMENTATIONS = YES;
				CLANG_WARN_DIRECT_OBJC_ISA_USAGE = YES_ERROR;
				CLANG_WARN_DOCUMENTATION_COMMENTS = YES;
				CLANG_WARN_EMPTY_BODY = YES;
				CLANG_WARN_ENUM_CONVERSION = YES;
				CLANG_WARN_INFINITE_RECURSION = YES;
				CLANG_WARN_INT_CONVERSION = YES;
				CLANG_WARN_NON_LITERAL_NULL_CONVERSION = YES;
				CLANG_WARN_OBJC_IMPLICIT_RETAIN_SELF = YES;
				CLANG_WARN_OBJC_LITERAL_CONVERSION = YES;
				CLANG_WARN_OBJC_ROOT_CLASS = YES_ERROR;
				CLANG_WARN_RANGE_LOOP_ANALYSIS = YES;
				CLANG_WARN_STRICT_PROTOTYPES = YES;
				CLANG_WARN_SUSPICIOUS_MOVE = YES;
				CLANG_WARN_UNGUARDED_AVAILABILITY = YES_AGGRESSIVE;
				CLANG_WARN_UNREACHABLE_CODE = YES;
				CLANG_WARN__DUPLICATE_METHOD_MATCH = YES;
				COPY_PHASE_STRIP = NO;
				DEBUG_INFORMATION_FORMAT = "dwarf-with-dsym";
				ENABLE_NS_ASSERTIONS = NO;
				ENABLE_STRICT_OBJC_MSGSEND = YES;
				GCC_C_LANGUAGE_STANDARD = gnu11;
				GCC_NO_COMMON_BLOCKS = YES;
				GCC_WARN_64_TO_32_BIT_CONVERSION = YES;
				GCC_WARN_ABOUT_RETURN_TYPE = YES_ERROR;
				GCC_WARN_UNDECLARED_SELECTOR = YES;
				GCC_WARN_UNINITIALIZED_AUTOS = YES_AGGRESSIVE;
				GCC_WARN_UNUSED_FUNCTION = YES;
				GCC_WARN_UNUSED_VARIABLE = YES;
				MACOSX_DEPLOYMENT_TARGET = 10.15;
				MTL_ENABLE_DEBUG_INFO = NO;
				MTL_FAST_MATH = YES;
				SDKROOT = macosx;
				SWIFT_COMPILATION_MODE = wholemodule;
				SWIFT_OPTIMIZATION_LEVEL = "-O";
			};
			name = Release;
		};
		E7254C2A23526149001D7FDB /* Debug */ = {
			isa = XCBuildConfiguration;
			buildSettings = {
				ASSETCATALOG_COMPILER_APPICON_NAME = AppIcon;
				CODE_SIGN_ENTITLEMENTS = AppCenterSwiftUI/AppCenterSwiftUI.entitlements;
				CODE_SIGN_STYLE = Manual;
				COMBINE_HIDPI_IMAGES = YES;
				DEVELOPMENT_ASSET_PATHS = "\"AppCenterSwiftUI/Preview Content\"";
				DEVELOPMENT_TEAM = "";
				ENABLE_PREVIEWS = YES;
				INFOPLIST_FILE = AppCenterSwiftUI/Info.plist;
				LD_RUNPATH_SEARCH_PATHS = (
					"$(inherited)",
					"@executable_path/../Frameworks",
				);
				MACOSX_DEPLOYMENT_TARGET = 10.15;
				PRODUCT_BUNDLE_IDENTIFIER = com.thefuntasty.AppCenterSwiftUI;
				PRODUCT_NAME = "$(TARGET_NAME)";
				PROVISIONING_PROFILE_SPECIFIER = "";
				SWIFT_VERSION = 5.0;
			};
			name = Debug;
		};
		E7254C2B23526149001D7FDB /* Release */ = {
			isa = XCBuildConfiguration;
			buildSettings = {
				ASSETCATALOG_COMPILER_APPICON_NAME = AppIcon;
				CODE_SIGN_ENTITLEMENTS = AppCenterSwiftUI/AppCenterSwiftUI.entitlements;
				CODE_SIGN_STYLE = Manual;
				COMBINE_HIDPI_IMAGES = YES;
				DEVELOPMENT_ASSET_PATHS = "\"AppCenterSwiftUI/Preview Content\"";
				DEVELOPMENT_TEAM = "";
				ENABLE_PREVIEWS = YES;
				INFOPLIST_FILE = AppCenterSwiftUI/Info.plist;
				LD_RUNPATH_SEARCH_PATHS = (
					"$(inherited)",
					"@executable_path/../Frameworks",
				);
				MACOSX_DEPLOYMENT_TARGET = 10.15;
				PRODUCT_BUNDLE_IDENTIFIER = com.thefuntasty.AppCenterSwiftUI;
				PRODUCT_NAME = "$(TARGET_NAME)";
				PROVISIONING_PROFILE_SPECIFIER = "";
				SWIFT_VERSION = 5.0;
			};
			name = Release;
		};
/* End XCBuildConfiguration section */

/* Begin XCConfigurationList section */
		E7254C1123526148001D7FDB /* Build configuration list for PBXProject "AppCenterSwiftUI" */ = {
			isa = XCConfigurationList;
			buildConfigurations = (
				E7254C2723526149001D7FDB /* Debug */,
				E7254C2823526149001D7FDB /* Release */,
			);
			defaultConfigurationIsVisible = 0;
			defaultConfigurationName = Release;
		};
		E7254C2923526149001D7FDB /* Build configuration list for PBXNativeTarget "AppCenterSwiftUI" */ = {
			isa = XCConfigurationList;
			buildConfigurations = (
				E7254C2A23526149001D7FDB /* Debug */,
				E7254C2B23526149001D7FDB /* Release */,
			);
			defaultConfigurationIsVisible = 0;
			defaultConfigurationName = Release;
		};
/* End XCConfigurationList section */

/* Begin XCRemoteSwiftPackageReference section */
		E7531F082356494600AE68BE /* XCRemoteSwiftPackageReference "FTAPIKit" */ = {
			isa = XCRemoteSwiftPackageReference;
			repositoryURL = "https://github.com/thefuntasty/FTAPIKit.git";
			requirement = {
				kind = upToNextMajorVersion;
				minimumVersion = 0.5.0;
			};
		};
/* End XCRemoteSwiftPackageReference section */

/* Begin XCSwiftPackageProductDependency section */
		E7531F092356494600AE68BE /* FTAPIKit */ = {
			isa = XCSwiftPackageProductDependency;
			package = E7531F082356494600AE68BE /* XCRemoteSwiftPackageReference "FTAPIKit" */;
			productName = FTAPIKit;
		};
		E76B6F6C2353A5F7007DD31D /* Elementary */ = {
			isa = XCSwiftPackageProductDependency;
			productName = Elementary;
		};
		E76B6F6F2353A5FC007DD31D /* Elementary */ = {
			isa = XCSwiftPackageProductDependency;
			productName = Elementary;
		};
/* End XCSwiftPackageProductDependency section */
	};
	rootObject = E7254C0E23526148001D7FDB /* Project object */;
}
