// !$*UTF8*$!
{
	archiveVersion = 1;
	classes = {
	};
	objectVersion = 52;
	objects = {

/* Begin PBXBuildFile section */
		E702CC39240578F700F33E8F /* AppCenteriOSUITests.swift in Sources */ = {isa = PBXBuildFile; fileRef = E702CC38240578F700F33E8F /* AppCenteriOSUITests.swift */; };
		E72158E923704BD500675238 /* AppDelegate.swift in Sources */ = {isa = PBXBuildFile; fileRef = E72158E823704BD500675238 /* AppDelegate.swift */; };
		E72158EB23704BD500675238 /* SceneDelegate.swift in Sources */ = {isa = PBXBuildFile; fileRef = E72158EA23704BD500675238 /* SceneDelegate.swift */; };
		E72158EF23704BD700675238 /* Assets.xcassets in Resources */ = {isa = PBXBuildFile; fileRef = E72158EE23704BD700675238 /* Assets.xcassets */; };
		E72158F223704BD700675238 /* Preview Assets.xcassets in Resources */ = {isa = PBXBuildFile; fileRef = E72158F123704BD700675238 /* Preview Assets.xcassets */; };
		E72158F523704BD700675238 /* LaunchScreen.storyboard in Resources */ = {isa = PBXBuildFile; fileRef = E72158F323704BD700675238 /* LaunchScreen.storyboard */; };
		E7254C1A23526148001D7FDB /* AppDelegate.swift in Sources */ = {isa = PBXBuildFile; fileRef = E7254C1923526148001D7FDB /* AppDelegate.swift */; };
		E7254C1E23526149001D7FDB /* Assets.xcassets in Resources */ = {isa = PBXBuildFile; fileRef = E7254C1D23526149001D7FDB /* Assets.xcassets */; };
		E7254C2123526149001D7FDB /* Preview Assets.xcassets in Resources */ = {isa = PBXBuildFile; fileRef = E7254C2023526149001D7FDB /* Preview Assets.xcassets */; };
		E7254C2423526149001D7FDB /* Main.storyboard in Resources */ = {isa = PBXBuildFile; fileRef = E7254C2223526149001D7FDB /* Main.storyboard */; };
		E75D688023ED6C0700CF6AAA /* AppCenterSwiftUI in Frameworks */ = {isa = PBXBuildFile; productRef = E75D687F23ED6C0700CF6AAA /* AppCenterSwiftUI */; };
		E797D3E123F8865300751180 /* AppCenterSwiftUI in Frameworks */ = {isa = PBXBuildFile; productRef = E797D3E023F8865300751180 /* AppCenterSwiftUI */; };
		E7C7522A23FEB23900A137DC /* AppDelegate.swift in Sources */ = {isa = PBXBuildFile; fileRef = E7C7522923FEB23900A137DC /* AppDelegate.swift */; };
		E7C7522E23FEB23B00A137DC /* Assets.xcassets in Resources */ = {isa = PBXBuildFile; fileRef = E7C7522D23FEB23B00A137DC /* Assets.xcassets */; };
		E7C7523123FEB23B00A137DC /* Preview Assets.xcassets in Resources */ = {isa = PBXBuildFile; fileRef = E7C7523023FEB23B00A137DC /* Preview Assets.xcassets */; };
		E7C7523423FEB23B00A137DC /* LaunchScreen.storyboard in Resources */ = {isa = PBXBuildFile; fileRef = E7C7523223FEB23B00A137DC /* LaunchScreen.storyboard */; };
		E7C7523C23FEB24700A137DC /* AppCenterSwiftUI in Frameworks */ = {isa = PBXBuildFile; productRef = E7C7523B23FEB24700A137DC /* AppCenterSwiftUI */; };
		E7FFCA4C240675620081CD9B /* AppCentertvOSUITests.swift in Sources */ = {isa = PBXBuildFile; fileRef = E7FFCA4B240675620081CD9B /* AppCentertvOSUITests.swift */; };
/* End PBXBuildFile section */

/* Begin PBXContainerItemProxy section */
		E702CC2D240576B500F33E8F /* PBXContainerItemProxy */ = {
			isa = PBXContainerItemProxy;
			containerPortal = E7254C0E23526148001D7FDB /* Project object */;
			proxyType = 1;
			remoteGlobalIDString = E7254C1523526148001D7FDB;
			remoteInfo = AppCenterMac;
		};
		E702CC3B240578F700F33E8F /* PBXContainerItemProxy */ = {
			isa = PBXContainerItemProxy;
			containerPortal = E7254C0E23526148001D7FDB /* Project object */;
			proxyType = 1;
			remoteGlobalIDString = E72158E523704BD500675238;
			remoteInfo = AppCenteriOS;
		};
		E7FFCA4E240675620081CD9B /* PBXContainerItemProxy */ = {
			isa = PBXContainerItemProxy;
			containerPortal = E7254C0E23526148001D7FDB /* Project object */;
			proxyType = 1;
			remoteGlobalIDString = E7C7522623FEB23900A137DC;
			remoteInfo = AppCentertvOS;
		};
/* End PBXContainerItemProxy section */

/* Begin PBXFileReference section */
		E702CC28240576B500F33E8F /* AppCenterMacUITests.xctest */ = {isa = PBXFileReference; explicitFileType = wrapper.cfbundle; includeInIndex = 0; path = AppCenterMacUITests.xctest; sourceTree = BUILT_PRODUCTS_DIR; };
		E702CC36240578F700F33E8F /* AppCenteriOSUITests.xctest */ = {isa = PBXFileReference; explicitFileType = wrapper.cfbundle; includeInIndex = 0; path = AppCenteriOSUITests.xctest; sourceTree = BUILT_PRODUCTS_DIR; };
		E702CC38240578F700F33E8F /* AppCenteriOSUITests.swift */ = {isa = PBXFileReference; lastKnownFileType = sourcecode.swift; path = AppCenteriOSUITests.swift; sourceTree = "<group>"; };
		E702CC3A240578F700F33E8F /* Info.plist */ = {isa = PBXFileReference; lastKnownFileType = text.plist.xml; path = Info.plist; sourceTree = "<group>"; };
		E72158E623704BD500675238 /* App Center.app */ = {isa = PBXFileReference; explicitFileType = wrapper.application; includeInIndex = 0; path = "App Center.app"; sourceTree = BUILT_PRODUCTS_DIR; };
		E72158E823704BD500675238 /* AppDelegate.swift */ = {isa = PBXFileReference; lastKnownFileType = sourcecode.swift; path = AppDelegate.swift; sourceTree = "<group>"; };
		E72158EA23704BD500675238 /* SceneDelegate.swift */ = {isa = PBXFileReference; lastKnownFileType = sourcecode.swift; path = SceneDelegate.swift; sourceTree = "<group>"; };
		E72158EE23704BD700675238 /* Assets.xcassets */ = {isa = PBXFileReference; lastKnownFileType = folder.assetcatalog; path = Assets.xcassets; sourceTree = "<group>"; };
		E72158F123704BD700675238 /* Preview Assets.xcassets */ = {isa = PBXFileReference; lastKnownFileType = folder.assetcatalog; path = "Preview Assets.xcassets"; sourceTree = "<group>"; };
		E72158F423704BD700675238 /* Base */ = {isa = PBXFileReference; lastKnownFileType = file.storyboard; name = Base; path = Base.lproj/LaunchScreen.storyboard; sourceTree = "<group>"; };
		E72158F623704BD700675238 /* Info.plist */ = {isa = PBXFileReference; lastKnownFileType = text.plist.xml; path = Info.plist; sourceTree = "<group>"; };
		E7254C1623526148001D7FDB /* AppCenterMac.app */ = {isa = PBXFileReference; explicitFileType = wrapper.application; includeInIndex = 0; path = AppCenterMac.app; sourceTree = BUILT_PRODUCTS_DIR; };
		E7254C1923526148001D7FDB /* AppDelegate.swift */ = {isa = PBXFileReference; lastKnownFileType = sourcecode.swift; path = AppDelegate.swift; sourceTree = "<group>"; };
		E7254C1D23526149001D7FDB /* Assets.xcassets */ = {isa = PBXFileReference; lastKnownFileType = folder.assetcatalog; path = Assets.xcassets; sourceTree = "<group>"; };
		E7254C2023526149001D7FDB /* Preview Assets.xcassets */ = {isa = PBXFileReference; lastKnownFileType = folder.assetcatalog; path = "Preview Assets.xcassets"; sourceTree = "<group>"; };
		E7254C2323526149001D7FDB /* Base */ = {isa = PBXFileReference; lastKnownFileType = file.storyboard; name = Base; path = Base.lproj/Main.storyboard; sourceTree = "<group>"; };
		E7254C2523526149001D7FDB /* Info.plist */ = {isa = PBXFileReference; lastKnownFileType = text.plist.xml; path = Info.plist; sourceTree = "<group>"; };
		E7254C2623526149001D7FDB /* AppCenterMac.entitlements */ = {isa = PBXFileReference; lastKnownFileType = text.plist.entitlements; path = AppCenterMac.entitlements; sourceTree = "<group>"; };
		E728C09E236F7FCA0065449C /* AppCenterSwiftUI */ = {isa = PBXFileReference; lastKnownFileType = folder; path = AppCenterSwiftUI; sourceTree = "<group>"; };
		E7392EE1240307EB0026CA53 /* AppCenterMacUITests.swift */ = {isa = PBXFileReference; lastKnownFileType = sourcecode.swift; path = AppCenterMacUITests.swift; sourceTree = "<group>"; };
		E7392EE3240307EB0026CA53 /* Info.plist */ = {isa = PBXFileReference; lastKnownFileType = text.plist.xml; path = Info.plist; sourceTree = "<group>"; };
		E748793A23CF918D0009CB6A /* Package.swift */ = {isa = PBXFileReference; lastKnownFileType = sourcecode.swift; name = Package.swift; path = AppCenterSwiftUI/Package.swift; sourceTree = "<group>"; };
		E7C7522723FEB23900A137DC /* App Center.app */ = {isa = PBXFileReference; explicitFileType = wrapper.application; includeInIndex = 0; path = "App Center.app"; sourceTree = BUILT_PRODUCTS_DIR; };
		E7C7522923FEB23900A137DC /* AppDelegate.swift */ = {isa = PBXFileReference; lastKnownFileType = sourcecode.swift; path = AppDelegate.swift; sourceTree = "<group>"; };
		E7C7522D23FEB23B00A137DC /* Assets.xcassets */ = {isa = PBXFileReference; lastKnownFileType = folder.assetcatalog; path = Assets.xcassets; sourceTree = "<group>"; };
		E7C7523023FEB23B00A137DC /* Preview Assets.xcassets */ = {isa = PBXFileReference; lastKnownFileType = folder.assetcatalog; path = "Preview Assets.xcassets"; sourceTree = "<group>"; };
		E7C7523323FEB23B00A137DC /* Base */ = {isa = PBXFileReference; lastKnownFileType = file.storyboard; name = Base; path = Base.lproj/LaunchScreen.storyboard; sourceTree = "<group>"; };
		E7C7523523FEB23B00A137DC /* Info.plist */ = {isa = PBXFileReference; lastKnownFileType = text.plist.xml; path = Info.plist; sourceTree = "<group>"; };
		E7FFCA49240675620081CD9B /* AppCentertvOSUITests.xctest */ = {isa = PBXFileReference; explicitFileType = wrapper.cfbundle; includeInIndex = 0; path = AppCentertvOSUITests.xctest; sourceTree = BUILT_PRODUCTS_DIR; };
		E7FFCA4B240675620081CD9B /* AppCentertvOSUITests.swift */ = {isa = PBXFileReference; lastKnownFileType = sourcecode.swift; path = AppCentertvOSUITests.swift; sourceTree = "<group>"; };
		E7FFCA4D240675620081CD9B /* Info.plist */ = {isa = PBXFileReference; lastKnownFileType = text.plist.xml; path = Info.plist; sourceTree = "<group>"; };
/* End PBXFileReference section */

/* Begin PBXFrameworksBuildPhase section */
		E702CC25240576B500F33E8F /* Frameworks */ = {
			isa = PBXFrameworksBuildPhase;
			buildActionMask = 2147483647;
			files = (
			);
			runOnlyForDeploymentPostprocessing = 0;
		};
		E702CC33240578F700F33E8F /* Frameworks */ = {
			isa = PBXFrameworksBuildPhase;
			buildActionMask = 2147483647;
			files = (
			);
			runOnlyForDeploymentPostprocessing = 0;
		};
		E72158E323704BD500675238 /* Frameworks */ = {
			isa = PBXFrameworksBuildPhase;
			buildActionMask = 2147483647;
			files = (
				E797D3E123F8865300751180 /* AppCenterSwiftUI in Frameworks */,
			);
			runOnlyForDeploymentPostprocessing = 0;
		};
		E7254C1323526148001D7FDB /* Frameworks */ = {
			isa = PBXFrameworksBuildPhase;
			buildActionMask = 2147483647;
			files = (
				E75D688023ED6C0700CF6AAA /* AppCenterSwiftUI in Frameworks */,
			);
			runOnlyForDeploymentPostprocessing = 0;
		};
		E7C7522423FEB23900A137DC /* Frameworks */ = {
			isa = PBXFrameworksBuildPhase;
			buildActionMask = 2147483647;
			files = (
				E7C7523C23FEB24700A137DC /* AppCenterSwiftUI in Frameworks */,
			);
			runOnlyForDeploymentPostprocessing = 0;
		};
		E7FFCA46240675620081CD9B /* Frameworks */ = {
			isa = PBXFrameworksBuildPhase;
			buildActionMask = 2147483647;
			files = (
			);
			runOnlyForDeploymentPostprocessing = 0;
		};
/* End PBXFrameworksBuildPhase section */

/* Begin PBXGroup section */
		E702CC37240578F700F33E8F /* AppCenteriOSUITests */ = {
			isa = PBXGroup;
			children = (
				E702CC38240578F700F33E8F /* AppCenteriOSUITests.swift */,
				E702CC3A240578F700F33E8F /* Info.plist */,
			);
			path = AppCenteriOSUITests;
			sourceTree = "<group>";
		};
		E72158E723704BD500675238 /* AppCenteriOS */ = {
			isa = PBXGroup;
			children = (
				E72158E823704BD500675238 /* AppDelegate.swift */,
				E72158EA23704BD500675238 /* SceneDelegate.swift */,
				E72158EE23704BD700675238 /* Assets.xcassets */,
				E72158F323704BD700675238 /* LaunchScreen.storyboard */,
				E72158F623704BD700675238 /* Info.plist */,
				E72158F023704BD700675238 /* Preview Content */,
			);
			path = AppCenteriOS;
			sourceTree = "<group>";
		};
		E72158F023704BD700675238 /* Preview Content */ = {
			isa = PBXGroup;
			children = (
				E72158F123704BD700675238 /* Preview Assets.xcassets */,
			);
			path = "Preview Content";
			sourceTree = "<group>";
		};
		E7254C0D23526148001D7FDB = {
			isa = PBXGroup;
			children = (
				E728C09E236F7FCA0065449C /* AppCenterSwiftUI */,
				E7254C1823526148001D7FDB /* AppCenterMac */,
				E72158E723704BD500675238 /* AppCenteriOS */,
				E7C7522823FEB23900A137DC /* AppCentertvOS */,
				E7392EE0240307EB0026CA53 /* AppCenterMacUITests */,
				E702CC37240578F700F33E8F /* AppCenteriOSUITests */,
				E7FFCA4A240675620081CD9B /* AppCentertvOSUITests */,
				E7254C1723526148001D7FDB /* Products */,
				E76B6F6E2353A5FC007DD31D /* Frameworks */,
			);
			sourceTree = "<group>";
		};
		E7254C1723526148001D7FDB /* Products */ = {
			isa = PBXGroup;
			children = (
				E7254C1623526148001D7FDB /* AppCenterMac.app */,
				E72158E623704BD500675238 /* App Center.app */,
				E7C7522723FEB23900A137DC /* App Center.app */,
				E702CC28240576B500F33E8F /* AppCenterMacUITests.xctest */,
				E702CC36240578F700F33E8F /* AppCenteriOSUITests.xctest */,
				E7FFCA49240675620081CD9B /* AppCentertvOSUITests.xctest */,
			);
			name = Products;
			sourceTree = "<group>";
		};
		E7254C1823526148001D7FDB /* AppCenterMac */ = {
			isa = PBXGroup;
			children = (
				E7254C1923526148001D7FDB /* AppDelegate.swift */,
				E7254C1D23526149001D7FDB /* Assets.xcassets */,
				E7254C2223526149001D7FDB /* Main.storyboard */,
				E7254C2523526149001D7FDB /* Info.plist */,
				E7254C2623526149001D7FDB /* AppCenterMac.entitlements */,
				E7254C1F23526149001D7FDB /* Preview Content */,
			);
			path = AppCenterMac;
			sourceTree = "<group>";
		};
		E7254C1F23526149001D7FDB /* Preview Content */ = {
			isa = PBXGroup;
			children = (
				E7254C2023526149001D7FDB /* Preview Assets.xcassets */,
			);
			path = "Preview Content";
			sourceTree = "<group>";
		};
		E7392EE0240307EB0026CA53 /* AppCenterMacUITests */ = {
			isa = PBXGroup;
			children = (
				E7392EE1240307EB0026CA53 /* AppCenterMacUITests.swift */,
				E7392EE3240307EB0026CA53 /* Info.plist */,
			);
			path = AppCenterMacUITests;
			sourceTree = "<group>";
		};
		E76B6F6E2353A5FC007DD31D /* Frameworks */ = {
			isa = PBXGroup;
			children = (
				E748793A23CF918D0009CB6A /* Package.swift */,
			);
			name = Frameworks;
			sourceTree = "<group>";
		};
		E7C7522823FEB23900A137DC /* AppCentertvOS */ = {
			isa = PBXGroup;
			children = (
				E7C7522923FEB23900A137DC /* AppDelegate.swift */,
				E7C7522D23FEB23B00A137DC /* Assets.xcassets */,
				E7C7523223FEB23B00A137DC /* LaunchScreen.storyboard */,
				E7C7523523FEB23B00A137DC /* Info.plist */,
				E7C7522F23FEB23B00A137DC /* Preview Content */,
			);
			path = AppCentertvOS;
			sourceTree = "<group>";
		};
		E7C7522F23FEB23B00A137DC /* Preview Content */ = {
			isa = PBXGroup;
			children = (
				E7C7523023FEB23B00A137DC /* Preview Assets.xcassets */,
			);
			path = "Preview Content";
			sourceTree = "<group>";
		};
		E7FFCA4A240675620081CD9B /* AppCentertvOSUITests */ = {
			isa = PBXGroup;
			children = (
				E7FFCA4B240675620081CD9B /* AppCentertvOSUITests.swift */,
				E7FFCA4D240675620081CD9B /* Info.plist */,
			);
			path = AppCentertvOSUITests;
			sourceTree = "<group>";
		};
/* End PBXGroup section */

/* Begin PBXNativeTarget section */
		E702CC27240576B500F33E8F /* AppCenterMacUITests */ = {
			isa = PBXNativeTarget;
			buildConfigurationList = E702CC2F240576B500F33E8F /* Build configuration list for PBXNativeTarget "AppCenterMacUITests" */;
			buildPhases = (
				E702CC24240576B500F33E8F /* Sources */,
				E702CC25240576B500F33E8F /* Frameworks */,
				E702CC26240576B500F33E8F /* Resources */,
			);
			buildRules = (
			);
			dependencies = (
				E702CC2E240576B500F33E8F /* PBXTargetDependency */,
			);
			name = AppCenterMacUITests;
			productName = AppCenterMacUITests;
			productReference = E702CC28240576B500F33E8F /* AppCenterMacUITests.xctest */;
			productType = "com.apple.product-type.bundle.ui-testing";
		};
		E702CC35240578F700F33E8F /* AppCenteriOSUITests */ = {
			isa = PBXNativeTarget;
			buildConfigurationList = E702CC3D240578F700F33E8F /* Build configuration list for PBXNativeTarget "AppCenteriOSUITests" */;
			buildPhases = (
				E702CC32240578F700F33E8F /* Sources */,
				E702CC33240578F700F33E8F /* Frameworks */,
				E702CC34240578F700F33E8F /* Resources */,
			);
			buildRules = (
			);
			dependencies = (
				E702CC3C240578F700F33E8F /* PBXTargetDependency */,
			);
			name = AppCenteriOSUITests;
			productName = AppCenteriOSUITests;
			productReference = E702CC36240578F700F33E8F /* AppCenteriOSUITests.xctest */;
			productType = "com.apple.product-type.bundle.ui-testing";
		};
		E72158E523704BD500675238 /* AppCenteriOS */ = {
			isa = PBXNativeTarget;
			buildConfigurationList = E72158F923704BD700675238 /* Build configuration list for PBXNativeTarget "AppCenteriOS" */;
			buildPhases = (
				E7FFCA53240699C30081CD9B /* Run SwiftLint */,
				E72158E223704BD500675238 /* Sources */,
				E72158E323704BD500675238 /* Frameworks */,
				E72158E423704BD500675238 /* Resources */,
			);
			buildRules = (
			);
			dependencies = (
				E72158FB23704C5700675238 /* PBXTargetDependency */,
			);
			name = AppCenteriOS;
			packageProductDependencies = (
				E797D3E023F8865300751180 /* AppCenterSwiftUI */,
			);
			productName = AppCenteriOS;
			productReference = E72158E623704BD500675238 /* App Center.app */;
			productType = "com.apple.product-type.application";
		};
		E7254C1523526148001D7FDB /* AppCenterMac */ = {
			isa = PBXNativeTarget;
			buildConfigurationList = E7254C2923526149001D7FDB /* Build configuration list for PBXNativeTarget "AppCenterMac" */;
			buildPhases = (
				E7FFCA5424069F6F0081CD9B /* Run SwiftLint */,
				E7254C1223526148001D7FDB /* Sources */,
				E7254C1323526148001D7FDB /* Frameworks */,
				E7254C1423526148001D7FDB /* Resources */,
			);
			buildRules = (
			);
			dependencies = (
				E728C0A0236F83440065449C /* PBXTargetDependency */,
			);
			name = AppCenterMac;
			packageProductDependencies = (
				E75D687F23ED6C0700CF6AAA /* AppCenterSwiftUI */,
			);
			productName = AppCenterSwiftUI;
			productReference = E7254C1623526148001D7FDB /* AppCenterMac.app */;
			productType = "com.apple.product-type.application";
		};
		E7C7522623FEB23900A137DC /* AppCentertvOS */ = {
			isa = PBXNativeTarget;
			buildConfigurationList = E7C7523823FEB23B00A137DC /* Build configuration list for PBXNativeTarget "AppCentertvOS" */;
			buildPhases = (
				E7C7522323FEB23900A137DC /* Sources */,
				E7C7522423FEB23900A137DC /* Frameworks */,
				E7C7522523FEB23900A137DC /* Resources */,
				E7FFCA5524069F840081CD9B /* Run SwiftLint */,
			);
			buildRules = (
			);
			dependencies = (
				E7C7523A23FEB24300A137DC /* PBXTargetDependency */,
			);
			name = AppCentertvOS;
			packageProductDependencies = (
				E7C7523B23FEB24700A137DC /* AppCenterSwiftUI */,
			);
			productName = AppCentertvOS;
			productReference = E7C7522723FEB23900A137DC /* App Center.app */;
			productType = "com.apple.product-type.application";
		};
		E7FFCA48240675620081CD9B /* AppCentertvOSUITests */ = {
			isa = PBXNativeTarget;
			buildConfigurationList = E7FFCA52240675620081CD9B /* Build configuration list for PBXNativeTarget "AppCentertvOSUITests" */;
			buildPhases = (
				E7FFCA45240675620081CD9B /* Sources */,
				E7FFCA46240675620081CD9B /* Frameworks */,
				E7FFCA47240675620081CD9B /* Resources */,
			);
			buildRules = (
			);
			dependencies = (
				E7FFCA4F240675620081CD9B /* PBXTargetDependency */,
			);
			name = AppCentertvOSUITests;
			productName = AppCentertvOSUITests;
			productReference = E7FFCA49240675620081CD9B /* AppCentertvOSUITests.xctest */;
			productType = "com.apple.product-type.bundle.ui-testing";
		};
/* End PBXNativeTarget section */

/* Begin PBXProject section */
		E7254C0E23526148001D7FDB /* Project object */ = {
			isa = PBXProject;
			attributes = {
				LastSwiftUpdateCheck = 1130;
				LastUpgradeCheck = 1210;
				ORGANIZATIONNAME = "FUNTASTY Digital s.r.o.";
				TargetAttributes = {
					E702CC27240576B500F33E8F = {
						CreatedOnToolsVersion = 11.3.1;
						TestTargetID = E7254C1523526148001D7FDB;
					};
					E702CC35240578F700F33E8F = {
						CreatedOnToolsVersion = 11.3.1;
						TestTargetID = E72158E523704BD500675238;
					};
					E72158E523704BD500675238 = {
						CreatedOnToolsVersion = 11.2;
					};
					E7254C1523526148001D7FDB = {
						CreatedOnToolsVersion = 11.1;
					};
					E7C7522623FEB23900A137DC = {
						CreatedOnToolsVersion = 11.3.1;
					};
					E7FFCA48240675620081CD9B = {
						CreatedOnToolsVersion = 11.3.1;
						TestTargetID = E7C7522623FEB23900A137DC;
					};
				};
			};
			buildConfigurationList = E7254C1123526148001D7FDB /* Build configuration list for PBXProject "AppCenterSwiftUI" */;
			compatibilityVersion = "Xcode 9.3";
			developmentRegion = en;
			hasScannedForEncodings = 0;
			knownRegions = (
				en,
				Base,
			);
			mainGroup = E7254C0D23526148001D7FDB;
			packageReferences = (
			);
			productRefGroup = E7254C1723526148001D7FDB /* Products */;
			projectDirPath = "";
			projectRoot = "";
			targets = (
				E7254C1523526148001D7FDB /* AppCenterMac */,
				E72158E523704BD500675238 /* AppCenteriOS */,
				E7C7522623FEB23900A137DC /* AppCentertvOS */,
				E702CC27240576B500F33E8F /* AppCenterMacUITests */,
				E702CC35240578F700F33E8F /* AppCenteriOSUITests */,
				E7FFCA48240675620081CD9B /* AppCentertvOSUITests */,
			);
		};
/* End PBXProject section */

/* Begin PBXResourcesBuildPhase section */
		E702CC26240576B500F33E8F /* Resources */ = {
			isa = PBXResourcesBuildPhase;
			buildActionMask = 2147483647;
			files = (
			);
			runOnlyForDeploymentPostprocessing = 0;
		};
		E702CC34240578F700F33E8F /* Resources */ = {
			isa = PBXResourcesBuildPhase;
			buildActionMask = 2147483647;
			files = (
			);
			runOnlyForDeploymentPostprocessing = 0;
		};
		E72158E423704BD500675238 /* Resources */ = {
			isa = PBXResourcesBuildPhase;
			buildActionMask = 2147483647;
			files = (
				E72158F523704BD700675238 /* LaunchScreen.storyboard in Resources */,
				E72158F223704BD700675238 /* Preview Assets.xcassets in Resources */,
				E72158EF23704BD700675238 /* Assets.xcassets in Resources */,
			);
			runOnlyForDeploymentPostprocessing = 0;
		};
		E7254C1423526148001D7FDB /* Resources */ = {
			isa = PBXResourcesBuildPhase;
			buildActionMask = 2147483647;
			files = (
				E7254C2423526149001D7FDB /* Main.storyboard in Resources */,
				E7254C2123526149001D7FDB /* Preview Assets.xcassets in Resources */,
				E7254C1E23526149001D7FDB /* Assets.xcassets in Resources */,
			);
			runOnlyForDeploymentPostprocessing = 0;
		};
		E7C7522523FEB23900A137DC /* Resources */ = {
			isa = PBXResourcesBuildPhase;
			buildActionMask = 2147483647;
			files = (
				E7C7523423FEB23B00A137DC /* LaunchScreen.storyboard in Resources */,
				E7C7523123FEB23B00A137DC /* Preview Assets.xcassets in Resources */,
				E7C7522E23FEB23B00A137DC /* Assets.xcassets in Resources */,
			);
			runOnlyForDeploymentPostprocessing = 0;
		};
		E7FFCA47240675620081CD9B /* Resources */ = {
			isa = PBXResourcesBuildPhase;
			buildActionMask = 2147483647;
			files = (
			);
			runOnlyForDeploymentPostprocessing = 0;
		};
/* End PBXResourcesBuildPhase section */

/* Begin PBXShellScriptBuildPhase section */
		E7FFCA53240699C30081CD9B /* Run SwiftLint */ = {
			isa = PBXShellScriptBuildPhase;
			buildActionMask = 2147483647;
			files = (
			);
			inputFileListPaths = (
			);
			inputPaths = (
			);
			name = "Run SwiftLint";
			outputFileListPaths = (
			);
			outputPaths = (
			);
			runOnlyForDeploymentPostprocessing = 0;
			shellPath = /bin/sh;
			shellScript = "if which swiftlint >/dev/null; then\n  swiftlint\nelse\n  echo \"warning: SwiftLint not installed, download from https://github.com/realm/SwiftLint\"\nfi\n";
		};
		E7FFCA5424069F6F0081CD9B /* Run SwiftLint */ = {
			isa = PBXShellScriptBuildPhase;
			buildActionMask = 2147483647;
			files = (
			);
			inputFileListPaths = (
			);
			inputPaths = (
			);
			name = "Run SwiftLint";
			outputFileListPaths = (
			);
			outputPaths = (
			);
			runOnlyForDeploymentPostprocessing = 0;
			shellPath = /bin/sh;
			shellScript = "if which swiftlint >/dev/null; then\n  swiftlint\nelse\n  echo \"warning: SwiftLint not installed, download from https://github.com/realm/SwiftLint\"\nfi\n";
		};
		E7FFCA5524069F840081CD9B /* Run SwiftLint */ = {
			isa = PBXShellScriptBuildPhase;
			buildActionMask = 2147483647;
			files = (
			);
			inputFileListPaths = (
			);
			inputPaths = (
			);
			name = "Run SwiftLint";
			outputFileListPaths = (
			);
			outputPaths = (
			);
			runOnlyForDeploymentPostprocessing = 0;
			shellPath = /bin/sh;
			shellScript = "if which swiftlint >/dev/null; then\n  swiftlint\nelse\n  echo \"warning: SwiftLint not installed, download from https://github.com/realm/SwiftLint\"\nfi\n";
		};
/* End PBXShellScriptBuildPhase section */

/* Begin PBXSourcesBuildPhase section */
		E702CC24240576B500F33E8F /* Sources */ = {
			isa = PBXSourcesBuildPhase;
			buildActionMask = 2147483647;
			files = (
			);
			runOnlyForDeploymentPostprocessing = 0;
		};
		E702CC32240578F700F33E8F /* Sources */ = {
			isa = PBXSourcesBuildPhase;
			buildActionMask = 2147483647;
			files = (
				E702CC39240578F700F33E8F /* AppCenteriOSUITests.swift in Sources */,
			);
			runOnlyForDeploymentPostprocessing = 0;
		};
		E72158E223704BD500675238 /* Sources */ = {
			isa = PBXSourcesBuildPhase;
			buildActionMask = 2147483647;
			files = (
				E72158E923704BD500675238 /* AppDelegate.swift in Sources */,
				E72158EB23704BD500675238 /* SceneDelegate.swift in Sources */,
			);
			runOnlyForDeploymentPostprocessing = 0;
		};
		E7254C1223526148001D7FDB /* Sources */ = {
			isa = PBXSourcesBuildPhase;
			buildActionMask = 2147483647;
			files = (
				E7254C1A23526148001D7FDB /* AppDelegate.swift in Sources */,
			);
			runOnlyForDeploymentPostprocessing = 0;
		};
		E7C7522323FEB23900A137DC /* Sources */ = {
			isa = PBXSourcesBuildPhase;
			buildActionMask = 2147483647;
			files = (
				E7C7522A23FEB23900A137DC /* AppDelegate.swift in Sources */,
			);
			runOnlyForDeploymentPostprocessing = 0;
		};
		E7FFCA45240675620081CD9B /* Sources */ = {
			isa = PBXSourcesBuildPhase;
			buildActionMask = 2147483647;
			files = (
				E7FFCA4C240675620081CD9B /* AppCentertvOSUITests.swift in Sources */,
			);
			runOnlyForDeploymentPostprocessing = 0;
		};
/* End PBXSourcesBuildPhase section */

/* Begin PBXTargetDependency section */
		E702CC2E240576B500F33E8F /* PBXTargetDependency */ = {
			isa = PBXTargetDependency;
			target = E7254C1523526148001D7FDB /* AppCenterMac */;
			targetProxy = E702CC2D240576B500F33E8F /* PBXContainerItemProxy */;
		};
		E702CC3C240578F700F33E8F /* PBXTargetDependency */ = {
			isa = PBXTargetDependency;
			target = E72158E523704BD500675238 /* AppCenteriOS */;
			targetProxy = E702CC3B240578F700F33E8F /* PBXContainerItemProxy */;
		};
		E72158FB23704C5700675238 /* PBXTargetDependency */ = {
			isa = PBXTargetDependency;
			productRef = E72158FA23704C5700675238 /* AppCenterSwiftUI */;
		};
		E728C0A0236F83440065449C /* PBXTargetDependency */ = {
			isa = PBXTargetDependency;
			productRef = E728C09F236F83440065449C /* AppCenterSwiftUI */;
		};
		E7C7523A23FEB24300A137DC /* PBXTargetDependency */ = {
			isa = PBXTargetDependency;
			productRef = E7C7523923FEB24300A137DC /* AppCenterSwiftUI */;
		};
		E7FFCA4F240675620081CD9B /* PBXTargetDependency */ = {
			isa = PBXTargetDependency;
			target = E7C7522623FEB23900A137DC /* AppCentertvOS */;
			targetProxy = E7FFCA4E240675620081CD9B /* PBXContainerItemProxy */;
		};
/* End PBXTargetDependency section */

/* Begin PBXVariantGroup section */
		E72158F323704BD700675238 /* LaunchScreen.storyboard */ = {
			isa = PBXVariantGroup;
			children = (
				E72158F423704BD700675238 /* Base */,
			);
			name = LaunchScreen.storyboard;
			sourceTree = "<group>";
		};
		E7254C2223526149001D7FDB /* Main.storyboard */ = {
			isa = PBXVariantGroup;
			children = (
				E7254C2323526149001D7FDB /* Base */,
			);
			name = Main.storyboard;
			sourceTree = "<group>";
		};
		E7C7523223FEB23B00A137DC /* LaunchScreen.storyboard */ = {
			isa = PBXVariantGroup;
			children = (
				E7C7523323FEB23B00A137DC /* Base */,
			);
			name = LaunchScreen.storyboard;
			sourceTree = "<group>";
		};
/* End PBXVariantGroup section */

/* Begin XCBuildConfiguration section */
		E702CC30240576B500F33E8F /* Debug */ = {
			isa = XCBuildConfiguration;
			buildSettings = {
				CODE_SIGN_STYLE = Automatic;
				COMBINE_HIDPI_IMAGES = YES;
				INFOPLIST_FILE = AppCenterMacUITests/Info.plist;
				LD_RUNPATH_SEARCH_PATHS = (
					"$(inherited)",
					"@executable_path/../Frameworks",
					"@loader_path/../Frameworks",
				);
				PRODUCT_BUNDLE_IDENTIFIER = is.mkj.AppCenterMacUITests;
				PRODUCT_NAME = "$(TARGET_NAME)";
				SWIFT_VERSION = 5.0;
				TEST_TARGET_NAME = AppCenterMac;
			};
			name = Debug;
		};
		E702CC31240576B500F33E8F /* Release */ = {
			isa = XCBuildConfiguration;
			buildSettings = {
				CODE_SIGN_STYLE = Automatic;
				COMBINE_HIDPI_IMAGES = YES;
				INFOPLIST_FILE = AppCenterMacUITests/Info.plist;
				LD_RUNPATH_SEARCH_PATHS = (
					"$(inherited)",
					"@executable_path/../Frameworks",
					"@loader_path/../Frameworks",
				);
				PRODUCT_BUNDLE_IDENTIFIER = is.mkj.AppCenterMacUITests;
				PRODUCT_NAME = "$(TARGET_NAME)";
				SWIFT_VERSION = 5.0;
				TEST_TARGET_NAME = AppCenterMac;
			};
			name = Release;
		};
		E702CC3E240578F700F33E8F /* Debug */ = {
			isa = XCBuildConfiguration;
			buildSettings = {
				CODE_SIGN_STYLE = Automatic;
				INFOPLIST_FILE = AppCenteriOSUITests/Info.plist;
				IPHONEOS_DEPLOYMENT_TARGET = 13.2;
				LD_RUNPATH_SEARCH_PATHS = (
					"$(inherited)",
					"@executable_path/Frameworks",
					"@loader_path/Frameworks",
				);
				PRODUCT_BUNDLE_IDENTIFIER = is.mkj.AppCenteriOSUITests;
				PRODUCT_NAME = "$(TARGET_NAME)";
				SDKROOT = iphoneos;
				SWIFT_VERSION = 5.0;
				TARGETED_DEVICE_FAMILY = "1,2";
				TEST_TARGET_NAME = AppCenteriOS;
			};
			name = Debug;
		};
		E702CC3F240578F700F33E8F /* Release */ = {
			isa = XCBuildConfiguration;
			buildSettings = {
				CODE_SIGN_STYLE = Automatic;
				INFOPLIST_FILE = AppCenteriOSUITests/Info.plist;
				IPHONEOS_DEPLOYMENT_TARGET = 13.2;
				LD_RUNPATH_SEARCH_PATHS = (
					"$(inherited)",
					"@executable_path/Frameworks",
					"@loader_path/Frameworks",
				);
				PRODUCT_BUNDLE_IDENTIFIER = is.mkj.AppCenteriOSUITests;
				PRODUCT_NAME = "$(TARGET_NAME)";
				SDKROOT = iphoneos;
				SWIFT_VERSION = 5.0;
				TARGETED_DEVICE_FAMILY = "1,2";
				TEST_TARGET_NAME = AppCenteriOS;
				VALIDATE_PRODUCT = YES;
			};
			name = Release;
		};
		E72158F723704BD700675238 /* Debug */ = {
			isa = XCBuildConfiguration;
			buildSettings = {
				ASSETCATALOG_COMPILER_APPICON_NAME = AppIcon;
				CODE_SIGN_STYLE = Automatic;
				DEVELOPMENT_ASSET_PATHS = "\"AppCenteriOS/Preview Content\"";
				DEVELOPMENT_TEAM = QLPB86L68N;
				ENABLE_PREVIEWS = YES;
				INFOPLIST_FILE = AppCenteriOS/Info.plist;
				IPHONEOS_DEPLOYMENT_TARGET = 13.0;
				LD_RUNPATH_SEARCH_PATHS = (
					"$(inherited)",
					"@executable_path/Frameworks",
				);
				PRODUCT_BUNDLE_IDENTIFIER = is.mkj.appcenter;
				PRODUCT_NAME = "App Center";
				SDKROOT = iphoneos;
				SWIFT_VERSION = 5.0;
				TARGETED_DEVICE_FAMILY = "1,2";
			};
			name = Debug;
		};
		E72158F823704BD700675238 /* Release */ = {
			isa = XCBuildConfiguration;
			buildSettings = {
				ASSETCATALOG_COMPILER_APPICON_NAME = AppIcon;
				CODE_SIGN_IDENTITY = "iPhone Distribution";
				CODE_SIGN_STYLE = Manual;
				DEVELOPMENT_ASSET_PATHS = "\"AppCenteriOS/Preview Content\"";
				DEVELOPMENT_TEAM = YVMX5P3692;
				ENABLE_PREVIEWS = YES;
				INFOPLIST_FILE = AppCenteriOS/Info.plist;
				IPHONEOS_DEPLOYMENT_TARGET = 13.0;
				LD_RUNPATH_SEARCH_PATHS = (
					"$(inherited)",
					"@executable_path/Frameworks",
				);
				PRODUCT_BUNDLE_IDENTIFIER = "app.futured.app-center";
				PRODUCT_NAME = "App Center";
				PROVISIONING_PROFILE_SPECIFIER = "match InHouse app.futured.app-center";
				SDKROOT = iphoneos;
				SWIFT_VERSION = 5.0;
				TARGETED_DEVICE_FAMILY = "1,2";
				VALIDATE_PRODUCT = YES;
			};
			name = Release;
		};
		E7254C2723526149001D7FDB /* Debug */ = {
			isa = XCBuildConfiguration;
			buildSettings = {
				ALWAYS_SEARCH_USER_PATHS = NO;
				CLANG_ANALYZER_NONNULL = YES;
				CLANG_ANALYZER_NUMBER_OBJECT_CONVERSION = YES_AGGRESSIVE;
				CLANG_CXX_LANGUAGE_STANDARD = "gnu++14";
				CLANG_CXX_LIBRARY = "libc++";
				CLANG_ENABLE_MODULES = YES;
				CLANG_ENABLE_OBJC_ARC = YES;
				CLANG_ENABLE_OBJC_WEAK = YES;
				CLANG_WARN_BLOCK_CAPTURE_AUTORELEASING = YES;
				CLANG_WARN_BOOL_CONVERSION = YES;
				CLANG_WARN_COMMA = YES;
				CLANG_WARN_CONSTANT_CONVERSION = YES;
				CLANG_WARN_DEPRECATED_OBJC_IMPLEMENTATIONS = YES;
				CLANG_WARN_DIRECT_OBJC_ISA_USAGE = YES_ERROR;
				CLANG_WARN_DOCUMENTATION_COMMENTS = YES;
				CLANG_WARN_EMPTY_BODY = YES;
				CLANG_WARN_ENUM_CONVERSION = YES;
				CLANG_WARN_INFINITE_RECURSION = YES;
				CLANG_WARN_INT_CONVERSION = YES;
				CLANG_WARN_NON_LITERAL_NULL_CONVERSION = YES;
				CLANG_WARN_OBJC_IMPLICIT_RETAIN_SELF = YES;
				CLANG_WARN_OBJC_LITERAL_CONVERSION = YES;
				CLANG_WARN_OBJC_ROOT_CLASS = YES_ERROR;
				CLANG_WARN_QUOTED_INCLUDE_IN_FRAMEWORK_HEADER = YES;
				CLANG_WARN_RANGE_LOOP_ANALYSIS = YES;
				CLANG_WARN_STRICT_PROTOTYPES = YES;
				CLANG_WARN_SUSPICIOUS_MOVE = YES;
				CLANG_WARN_UNGUARDED_AVAILABILITY = YES_AGGRESSIVE;
				CLANG_WARN_UNREACHABLE_CODE = YES;
				CLANG_WARN__DUPLICATE_METHOD_MATCH = YES;
				COPY_PHASE_STRIP = NO;
				CURRENT_PROJECT_VERSION = 1;
				DEBUG_INFORMATION_FORMAT = dwarf;
				ENABLE_STRICT_OBJC_MSGSEND = YES;
				ENABLE_TESTABILITY = YES;
				GCC_C_LANGUAGE_STANDARD = gnu11;
				GCC_DYNAMIC_NO_PIC = NO;
				GCC_NO_COMMON_BLOCKS = YES;
				GCC_OPTIMIZATION_LEVEL = 0;
				GCC_PREPROCESSOR_DEFINITIONS = (
					"DEBUG=1",
					"$(inherited)",
				);
				GCC_WARN_64_TO_32_BIT_CONVERSION = YES;
				GCC_WARN_ABOUT_RETURN_TYPE = YES_ERROR;
				GCC_WARN_UNDECLARED_SELECTOR = YES;
				GCC_WARN_UNINITIALIZED_AUTOS = YES_AGGRESSIVE;
				GCC_WARN_UNUSED_FUNCTION = YES;
				GCC_WARN_UNUSED_VARIABLE = YES;
				MACOSX_DEPLOYMENT_TARGET = 10.15;
				MARKETING_VERSION = 1.0.0;
				MTL_ENABLE_DEBUG_INFO = INCLUDE_SOURCE;
				MTL_FAST_MATH = YES;
				ONLY_ACTIVE_ARCH = YES;
				SDKROOT = macosx;
				SWIFT_ACTIVE_COMPILATION_CONDITIONS = DEBUG;
				SWIFT_OPTIMIZATION_LEVEL = "-Onone";
				VERSIONING_SYSTEM = "apple-generic";
			};
			name = Debug;
		};
		E7254C2823526149001D7FDB /* Release */ = {
			isa = XCBuildConfiguration;
			buildSettings = {
				ALWAYS_SEARCH_USER_PATHS = NO;
				CLANG_ANALYZER_NONNULL = YES;
				CLANG_ANALYZER_NUMBER_OBJECT_CONVERSION = YES_AGGRESSIVE;
				CLANG_CXX_LANGUAGE_STANDARD = "gnu++14";
				CLANG_CXX_LIBRARY = "libc++";
				CLANG_ENABLE_MODULES = YES;
				CLANG_ENABLE_OBJC_ARC = YES;
				CLANG_ENABLE_OBJC_WEAK = YES;
				CLANG_WARN_BLOCK_CAPTURE_AUTORELEASING = YES;
				CLANG_WARN_BOOL_CONVERSION = YES;
				CLANG_WARN_COMMA = YES;
				CLANG_WARN_CONSTANT_CONVERSION = YES;
				CLANG_WARN_DEPRECATED_OBJC_IMPLEMENTATIONS = YES;
				CLANG_WARN_DIRECT_OBJC_ISA_USAGE = YES_ERROR;
				CLANG_WARN_DOCUMENTATION_COMMENTS = YES;
				CLANG_WARN_EMPTY_BODY = YES;
				CLANG_WARN_ENUM_CONVERSION = YES;
				CLANG_WARN_INFINITE_RECURSION = YES;
				CLANG_WARN_INT_CONVERSION = YES;
				CLANG_WARN_NON_LITERAL_NULL_CONVERSION = YES;
				CLANG_WARN_OBJC_IMPLICIT_RETAIN_SELF = YES;
				CLANG_WARN_OBJC_LITERAL_CONVERSION = YES;
				CLANG_WARN_OBJC_ROOT_CLASS = YES_ERROR;
				CLANG_WARN_QUOTED_INCLUDE_IN_FRAMEWORK_HEADER = YES;
				CLANG_WARN_RANGE_LOOP_ANALYSIS = YES;
				CLANG_WARN_STRICT_PROTOTYPES = YES;
				CLANG_WARN_SUSPICIOUS_MOVE = YES;
				CLANG_WARN_UNGUARDED_AVAILABILITY = YES_AGGRESSIVE;
				CLANG_WARN_UNREACHABLE_CODE = YES;
				CLANG_WARN__DUPLICATE_METHOD_MATCH = YES;
				COPY_PHASE_STRIP = NO;
				CURRENT_PROJECT_VERSION = 1;
				DEBUG_INFORMATION_FORMAT = "dwarf-with-dsym";
				ENABLE_NS_ASSERTIONS = NO;
				ENABLE_STRICT_OBJC_MSGSEND = YES;
				GCC_C_LANGUAGE_STANDARD = gnu11;
				GCC_NO_COMMON_BLOCKS = YES;
				GCC_WARN_64_TO_32_BIT_CONVERSION = YES;
				GCC_WARN_ABOUT_RETURN_TYPE = YES_ERROR;
				GCC_WARN_UNDECLARED_SELECTOR = YES;
				GCC_WARN_UNINITIALIZED_AUTOS = YES_AGGRESSIVE;
				GCC_WARN_UNUSED_FUNCTION = YES;
				GCC_WARN_UNUSED_VARIABLE = YES;
				MACOSX_DEPLOYMENT_TARGET = 10.15;
				MARKETING_VERSION = 1.0.0;
				MTL_ENABLE_DEBUG_INFO = NO;
				MTL_FAST_MATH = YES;
				SDKROOT = macosx;
				SWIFT_COMPILATION_MODE = wholemodule;
				SWIFT_OPTIMIZATION_LEVEL = "-O";
				VERSIONING_SYSTEM = "apple-generic";
			};
			name = Release;
		};
		E7254C2A23526149001D7FDB /* Debug */ = {
			isa = XCBuildConfiguration;
			buildSettings = {
				ASSETCATALOG_COMPILER_APPICON_NAME = AppIcon;
				CODE_SIGN_ENTITLEMENTS = AppCenterMac/AppCenterMac.entitlements;
				CODE_SIGN_IDENTITY = "-";
				CODE_SIGN_STYLE = Manual;
				COMBINE_HIDPI_IMAGES = YES;
				DEVELOPMENT_ASSET_PATHS = "\"AppCenterMac/Preview Content\"";
				DEVELOPMENT_TEAM = "";
				ENABLE_PREVIEWS = YES;
				INFOPLIST_FILE = AppCenterMac/Info.plist;
				LD_RUNPATH_SEARCH_PATHS = (
					"$(inherited)",
					"@executable_path/../Frameworks",
				);
				MACOSX_DEPLOYMENT_TARGET = 10.15;
				PRODUCT_BUNDLE_IDENTIFIER = is.mkj.appcenter;
				PRODUCT_NAME = "$(TARGET_NAME)";
				PROVISIONING_PROFILE_SPECIFIER = "";
				SWIFT_VERSION = 5.0;
			};
			name = Debug;
		};
		E7254C2B23526149001D7FDB /* Release */ = {
			isa = XCBuildConfiguration;
			buildSettings = {
				ASSETCATALOG_COMPILER_APPICON_NAME = AppIcon;
				CODE_SIGN_ENTITLEMENTS = AppCenterMac/AppCenterMac.entitlements;
				CODE_SIGN_IDENTITY = "3rd Party Mac Developer Installer";
				CODE_SIGN_STYLE = Manual;
				COMBINE_HIDPI_IMAGES = YES;
				DEVELOPMENT_ASSET_PATHS = "\"AppCenterMac/Preview Content\"";
				DEVELOPMENT_TEAM = YVMX5P3692;
				ENABLE_PREVIEWS = YES;
				INFOPLIST_FILE = AppCenterMac/Info.plist;
				LD_RUNPATH_SEARCH_PATHS = (
					"$(inherited)",
					"@executable_path/../Frameworks",
				);
				MACOSX_DEPLOYMENT_TARGET = 10.15;
				PRODUCT_BUNDLE_IDENTIFIER = "app.futured.app-center";
				PRODUCT_NAME = "$(TARGET_NAME)";
				PROVISIONING_PROFILE_SPECIFIER = "";
				SWIFT_VERSION = 5.0;
			};
			name = Release;
		};
		E7C7523623FEB23B00A137DC /* Debug */ = {
			isa = XCBuildConfiguration;
			buildSettings = {
				ASSETCATALOG_COMPILER_APPICON_NAME = "App Icon & Top Shelf Image";
				CODE_SIGN_STYLE = Automatic;
				DEVELOPMENT_ASSET_PATHS = "\"AppCentertvOS/Preview Content\"";
				DEVELOPMENT_TEAM = QLPB86L68N;
				ENABLE_PREVIEWS = YES;
				INFOPLIST_FILE = AppCentertvOS/Info.plist;
				LD_RUNPATH_SEARCH_PATHS = (
					"$(inherited)",
					"@executable_path/Frameworks",
				);
				PRODUCT_BUNDLE_IDENTIFIER = is.mkj.appcenter;
				PRODUCT_NAME = "App Center";
				SDKROOT = appletvos;
				SWIFT_VERSION = 5.0;
				TARGETED_DEVICE_FAMILY = 3;
				TVOS_DEPLOYMENT_TARGET = 13.0;
			};
			name = Debug;
		};
		E7C7523723FEB23B00A137DC /* Release */ = {
			isa = XCBuildConfiguration;
			buildSettings = {
				ASSETCATALOG_COMPILER_APPICON_NAME = "App Icon & Top Shelf Image";
				CODE_SIGN_IDENTITY = "iPhone Distribution";
				CODE_SIGN_STYLE = Manual;
				DEVELOPMENT_ASSET_PATHS = "\"AppCentertvOS/Preview Content\"";
				DEVELOPMENT_TEAM = YVMX5P3692;
				ENABLE_PREVIEWS = YES;
				INFOPLIST_FILE = AppCentertvOS/Info.plist;
				LD_RUNPATH_SEARCH_PATHS = (
					"$(inherited)",
					"@executable_path/Frameworks",
				);
				PRODUCT_BUNDLE_IDENTIFIER = "app.futured.app-center";
				PRODUCT_NAME = "App Center";
				PROVISIONING_PROFILE_SPECIFIER = "match InHouse app.futured.app-center tvos";
				SDKROOT = appletvos;
				SWIFT_VERSION = 5.0;
				TARGETED_DEVICE_FAMILY = 3;
				TVOS_DEPLOYMENT_TARGET = 13.0;
				VALIDATE_PRODUCT = YES;
			};
			name = Release;
		};
		E7FFCA50240675620081CD9B /* Debug */ = {
			isa = XCBuildConfiguration;
			buildSettings = {
				CODE_SIGN_STYLE = Automatic;
				INFOPLIST_FILE = AppCentertvOSUITests/Info.plist;
				LD_RUNPATH_SEARCH_PATHS = (
					"$(inherited)",
					"@executable_path/Frameworks",
					"@loader_path/Frameworks",
				);
				PRODUCT_BUNDLE_IDENTIFIER = is.mkj.AppCentertvOSUITests;
				PRODUCT_NAME = "$(TARGET_NAME)";
				SDKROOT = appletvos;
				SWIFT_VERSION = 5.0;
				TARGETED_DEVICE_FAMILY = 3;
				TEST_TARGET_NAME = AppCentertvOS;
				TVOS_DEPLOYMENT_TARGET = 13.2;
			};
			name = Debug;
		};
		E7FFCA51240675620081CD9B /* Release */ = {
			isa = XCBuildConfiguration;
			buildSettings = {
				CODE_SIGN_STYLE = Automatic;
				INFOPLIST_FILE = AppCentertvOSUITests/Info.plist;
				LD_RUNPATH_SEARCH_PATHS = (
					"$(inherited)",
					"@executable_path/Frameworks",
					"@loader_path/Frameworks",
				);
				PRODUCT_BUNDLE_IDENTIFIER = is.mkj.AppCentertvOSUITests;
				PRODUCT_NAME = "$(TARGET_NAME)";
				SDKROOT = appletvos;
				SWIFT_VERSION = 5.0;
				TARGETED_DEVICE_FAMILY = 3;
				TEST_TARGET_NAME = AppCentertvOS;
				TVOS_DEPLOYMENT_TARGET = 13.2;
				VALIDATE_PRODUCT = YES;
			};
			name = Release;
		};
/* End XCBuildConfiguration section */

/* Begin XCConfigurationList section */
		E702CC2F240576B500F33E8F /* Build configuration list for PBXNativeTarget "AppCenterMacUITests" */ = {
			isa = XCConfigurationList;
			buildConfigurations = (
				E702CC30240576B500F33E8F /* Debug */,
				E702CC31240576B500F33E8F /* Release */,
			);
			defaultConfigurationIsVisible = 0;
			defaultConfigurationName = Release;
		};
		E702CC3D240578F700F33E8F /* Build configuration list for PBXNativeTarget "AppCenteriOSUITests" */ = {
			isa = XCConfigurationList;
			buildConfigurations = (
				E702CC3E240578F700F33E8F /* Debug */,
				E702CC3F240578F700F33E8F /* Release */,
			);
			defaultConfigurationIsVisible = 0;
			defaultConfigurationName = Release;
		};
		E72158F923704BD700675238 /* Build configuration list for PBXNativeTarget "AppCenteriOS" */ = {
			isa = XCConfigurationList;
			buildConfigurations = (
				E72158F723704BD700675238 /* Debug */,
				E72158F823704BD700675238 /* Release */,
			);
			defaultConfigurationIsVisible = 0;
			defaultConfigurationName = Release;
		};
		E7254C1123526148001D7FDB /* Build configuration list for PBXProject "AppCenterSwiftUI" */ = {
			isa = XCConfigurationList;
			buildConfigurations = (
				E7254C2723526149001D7FDB /* Debug */,
				E7254C2823526149001D7FDB /* Release */,
			);
			defaultConfigurationIsVisible = 0;
			defaultConfigurationName = Release;
		};
		E7254C2923526149001D7FDB /* Build configuration list for PBXNativeTarget "AppCenterMac" */ = {
			isa = XCConfigurationList;
			buildConfigurations = (
				E7254C2A23526149001D7FDB /* Debug */,
				E7254C2B23526149001D7FDB /* Release */,
			);
			defaultConfigurationIsVisible = 0;
			defaultConfigurationName = Release;
		};
		E7C7523823FEB23B00A137DC /* Build configuration list for PBXNativeTarget "AppCentertvOS" */ = {
			isa = XCConfigurationList;
			buildConfigurations = (
				E7C7523623FEB23B00A137DC /* Debug */,
				E7C7523723FEB23B00A137DC /* Release */,
			);
			defaultConfigurationIsVisible = 0;
			defaultConfigurationName = Release;
		};
		E7FFCA52240675620081CD9B /* Build configuration list for PBXNativeTarget "AppCentertvOSUITests" */ = {
			isa = XCConfigurationList;
			buildConfigurations = (
				E7FFCA50240675620081CD9B /* Debug */,
				E7FFCA51240675620081CD9B /* Release */,
			);
			defaultConfigurationIsVisible = 0;
			defaultConfigurationName = Release;
		};
/* End XCConfigurationList section */

/* Begin XCSwiftPackageProductDependency section */
		E72158FA23704C5700675238 /* AppCenterSwiftUI */ = {
			isa = XCSwiftPackageProductDependency;
			productName = AppCenterSwiftUI;
		};
		E728C09F236F83440065449C /* AppCenterSwiftUI */ = {
			isa = XCSwiftPackageProductDependency;
			productName = AppCenterSwiftUI;
		};
		E75D687F23ED6C0700CF6AAA /* AppCenterSwiftUI */ = {
			isa = XCSwiftPackageProductDependency;
			productName = AppCenterSwiftUI;
		};
		E797D3E023F8865300751180 /* AppCenterSwiftUI */ = {
			isa = XCSwiftPackageProductDependency;
			productName = AppCenterSwiftUI;
		};
		E7C7523923FEB24300A137DC /* AppCenterSwiftUI */ = {
			isa = XCSwiftPackageProductDependency;
			productName = AppCenterSwiftUI;
		};
		E7C7523B23FEB24700A137DC /* AppCenterSwiftUI */ = {
			isa = XCSwiftPackageProductDependency;
			productName = AppCenterSwiftUI;
		};
/* End XCSwiftPackageProductDependency section */
	};
	rootObject = E7254C0E23526148001D7FDB /* Project object */;
}
