{
  "object": {
    "pins": [
      {
        "package": "Elementary",
        "repositoryURL": "https://github.com/mkj-is/Elementary.git",
        "state": {
          "branch": null,
          "revision": "35732b75b1e3c214a1c17cb20c28b332445577cb",
          "version": "0.1.0"
        }
      },
      {
        "package": "ElementaryCombine",
        "repositoryURL": "https://github.com/mkj-is/ElementaryCombine.git",
        "state": {
          "branch": null,
          "revision": "2987e15e75fdbdca8086ffcccc069fb87cd875d7",
          "version": "0.1.0"
        }
      },
      {
        "package": "ElementaryEffectBuilder",
        "repositoryURL": "https://github.com/mkj-is/ElementaryEffectBuilder.git",
        "state": {
          "branch": null,
          "revision": "5a6c61927ea1f5bb73a3fc534ecf2551ecabb2d7",
          "version": "0.1.0"
        }
      },
      {
        "package": "FTAPIKit",
        "repositoryURL": "https://github.com/futuredapp/FTAPIKit.git",
        "state": {
          "branch": null,
          "revision": "273e0ae761eb85b000be056816b08848d15631ab",
          "version": "1.1.2"
        }
      },
      {
        "package": "NoopKit",
        "repositoryURL": "https://github.com/mkj-is/NoopKit.git",
        "state": {
          "branch": null,
          "revision": "66844ff03ec1a8007f92065e06d6f76c6baaa552",
          "version": "0.1.1"
        }
      }
    ]
  },
  "version": 1
}
