{
  "object": {
    "pins": [
      {
        "package": "FTAPIKit",
        "repositoryURL": "https://github.com/thefuntasty/FTAPIKit.git",
        "state": {
          "branch": "feature/adapter-removal-rewrite",
          "revision": "3853a34afd4763e019204f1862133ba6bc9c1d48",
          "version": null
        }
      }
    ]
  },
  "version": 1
}
